
Microsoft Visual Studio Solution File, Format Version 12.00
# Visual Studio Version 16
VisualStudioVersion = 16.0.30320.27
MinimumVisualStudioVersion = 10.0.40219.1
Project("{FAE04EC0-301F-11D3-BF4B-00C04F79EFBC}") = "FIT5032Assignment", "FIT5032Assignment\FIT5032Assignment.csproj", "{AB47855E-0967-4DE2-905E-FCDE40EA507C}"
EndProject
Global
	GlobalSection(SolutionConfigurationPlatforms) = preSolution
		Debug|Any CPU = Debug|Any CPU
		Release|Any CPU = Release|Any CPU
	EndGlobalSection
	GlobalSection(ProjectConfigurationPlatforms) = postSolution
		{AB47855E-0967-4DE2-905E-FCDE40EA507C}.Debug|Any CPU.ActiveCfg = Debug|Any CPU
		{AB47855E-0967-4DE2-905E-FCDE40EA507C}.Debug|Any CPU.Build.0 = Debug|Any CPU
		{AB47855E-0967-4DE2-905E-FCDE40EA507C}.Release|Any CPU.ActiveCfg = Release|Any CPU
		{AB47855E-0967-4DE2-905E-FCDE40EA507C}.Release|Any CPU.Build.0 = Release|Any CPU
	EndGlobalSection
	GlobalSection(SolutionProperties) = preSolution
		HideSolutionNode = FALSE
	EndGlobalSection
	GlobalSection(ExtensibilityGlobals) = postSolution
		SolutionGuid = {7E90107A-FC3F-49B0-A891-8200B87945F3}
	EndGlobalSection
EndGlobal
